
Microsoft Visual Studio Solution File, Format Version 12.00
# Visual Studio Version 17
VisualStudioVersion = 17.8.34330.188
MinimumVisualStudioVersion = 10.0.40219.1
Project("{9A19103F-16F7-4668-BE54-9A1E7A4F7556}") = "AiTool3", "AiTool3\AiTool3.csproj", "{5B0BAD54-2C79-4DAF-A5B1-75970E919030}"
EndProject
Project("{FAE04EC0-301F-11D3-BF4B-00C04F79EFBC}") = "VSIXTest", "VSIXTest\VSIXTest.csproj", "{DA51FCD4-326F-49AF-A073-7ABE94F3EB79}"
EndProject
Project("{9A19103F-16F7-4668-BE54-9A1E7A4F7556}") = "SharedClasses", "SharedClasses\SharedClasses.csproj", "{EDBB3825-66B7-4F2B-9968-E83A213E59C6}"
EndProject
Project("{2150E333-8FDC-42A3-9474-1A3956D46DE8}") = "Solution Items", "Solution Items", "{F35EB657-26AC-43A7-AF6E-81735A8C5D5A}"
	ProjectSection(SolutionItems) = preProject
		SystemPrompt.txt = SystemPrompt.txt
	EndProjectSection
EndProject
Project("{9A19103F-16F7-4668-BE54-9A1E7A4F7556}") = "FormsToAiToolPrototype", "FormsToAiToolPrototype\FormsToAiToolPrototype.csproj", "{2818E6FE-3BC4-4F59-ACFD-5740550AAF4F}"
EndProject
Project("{9A19103F-16F7-4668-BE54-9A1E7A4F7556}") = "WebSocketConnectionTester", "WebSocketConnectionTester\WebSocketConnectionTester.csproj", "{4CD9499F-4B95-49CC-87AD-5AC7504602C0}"
EndProject
Project("{FAE04EC0-301F-11D3-BF4B-00C04F79EFBC}") = "ChromeExtension", "ChromeExtension\ChromeExtension.csproj", "{E8C1EC9F-C7AB-4114-9787-30D15D4458D1}"
EndProject
Global
	GlobalSection(SolutionConfigurationPlatforms) = preSolution
		CleanCublas|Any CPU = CleanCublas|Any CPU
		CleanCublas|arm64 = CleanCublas|arm64
		CleanCublas|x86 = CleanCublas|x86
		Debug|Any CPU = Debug|Any CPU
		Debug|arm64 = Debug|arm64
		Debug|x86 = Debug|x86
		DebugCublas|Any CPU = DebugCublas|Any CPU
		DebugCublas|arm64 = DebugCublas|arm64
		DebugCublas|x86 = DebugCublas|x86
		Release|Any CPU = Release|Any CPU
		Release|arm64 = Release|arm64
		Release|x86 = Release|x86
	EndGlobalSection
	GlobalSection(ProjectConfigurationPlatforms) = postSolution
		{5B0BAD54-2C79-4DAF-A5B1-75970E919030}.CleanCublas|Any CPU.ActiveCfg = CleanCublas|Any CPU
		{5B0BAD54-2C79-4DAF-A5B1-75970E919030}.CleanCublas|Any CPU.Build.0 = CleanCublas|Any CPU
		{5B0BAD54-2C79-4DAF-A5B1-75970E919030}.CleanCublas|arm64.ActiveCfg = CleanCublas|Any CPU
		{5B0BAD54-2C79-4DAF-A5B1-75970E919030}.CleanCublas|arm64.Build.0 = CleanCublas|Any CPU
		{5B0BAD54-2C79-4DAF-A5B1-75970E919030}.CleanCublas|x86.ActiveCfg = CleanCublas|Any CPU
		{5B0BAD54-2C79-4DAF-A5B1-75970E919030}.CleanCublas|x86.Build.0 = CleanCublas|Any CPU
		{5B0BAD54-2C79-4DAF-A5B1-75970E919030}.Debug|Any CPU.ActiveCfg = Debug|Any CPU
		{5B0BAD54-2C79-4DAF-A5B1-75970E919030}.Debug|Any CPU.Build.0 = Debug|Any CPU
		{5B0BAD54-2C79-4DAF-A5B1-75970E919030}.Debug|arm64.ActiveCfg = Debug|Any CPU
		{5B0BAD54-2C79-4DAF-A5B1-75970E919030}.Debug|arm64.Build.0 = Debug|Any CPU
		{5B0BAD54-2C79-4DAF-A5B1-75970E919030}.Debug|x86.ActiveCfg = Debug|Any CPU
		{5B0BAD54-2C79-4DAF-A5B1-75970E919030}.Debug|x86.Build.0 = Debug|Any CPU
		{5B0BAD54-2C79-4DAF-A5B1-75970E919030}.DebugCublas|Any CPU.ActiveCfg = DebugCublas|Any CPU
		{5B0BAD54-2C79-4DAF-A5B1-75970E919030}.DebugCublas|Any CPU.Build.0 = DebugCublas|Any CPU
		{5B0BAD54-2C79-4DAF-A5B1-75970E919030}.DebugCublas|arm64.ActiveCfg = DebugCublas|Any CPU
		{5B0BAD54-2C79-4DAF-A5B1-75970E919030}.DebugCublas|arm64.Build.0 = DebugCublas|Any CPU
		{5B0BAD54-2C79-4DAF-A5B1-75970E919030}.DebugCublas|x86.ActiveCfg = DebugCublas|Any CPU
		{5B0BAD54-2C79-4DAF-A5B1-75970E919030}.DebugCublas|x86.Build.0 = DebugCublas|Any CPU
		{5B0BAD54-2C79-4DAF-A5B1-75970E919030}.Release|Any CPU.ActiveCfg = Release|Any CPU
		{5B0BAD54-2C79-4DAF-A5B1-75970E919030}.Release|Any CPU.Build.0 = Release|Any CPU
		{5B0BAD54-2C79-4DAF-A5B1-75970E919030}.Release|arm64.ActiveCfg = Release|Any CPU
		{5B0BAD54-2C79-4DAF-A5B1-75970E919030}.Release|arm64.Build.0 = Release|Any CPU
		{5B0BAD54-2C79-4DAF-A5B1-75970E919030}.Release|x86.ActiveCfg = Release|Any CPU
		{5B0BAD54-2C79-4DAF-A5B1-75970E919030}.Release|x86.Build.0 = Release|Any CPU
		{DA51FCD4-326F-49AF-A073-7ABE94F3EB79}.CleanCublas|Any CPU.ActiveCfg = Debug|Any CPU
		{DA51FCD4-326F-49AF-A073-7ABE94F3EB79}.CleanCublas|Any CPU.Build.0 = Debug|Any CPU
		{DA51FCD4-326F-49AF-A073-7ABE94F3EB79}.CleanCublas|arm64.ActiveCfg = Debug|arm64
		{DA51FCD4-326F-49AF-A073-7ABE94F3EB79}.CleanCublas|arm64.Build.0 = Debug|arm64
		{DA51FCD4-326F-49AF-A073-7ABE94F3EB79}.CleanCublas|x86.ActiveCfg = Debug|x86
		{DA51FCD4-326F-49AF-A073-7ABE94F3EB79}.CleanCublas|x86.Build.0 = Debug|x86
		{DA51FCD4-326F-49AF-A073-7ABE94F3EB79}.Debug|Any CPU.ActiveCfg = Debug|Any CPU
		{DA51FCD4-326F-49AF-A073-7ABE94F3EB79}.Debug|Any CPU.Build.0 = Debug|Any CPU
		{DA51FCD4-326F-49AF-A073-7ABE94F3EB79}.Debug|arm64.ActiveCfg = Debug|arm64
		{DA51FCD4-326F-49AF-A073-7ABE94F3EB79}.Debug|arm64.Build.0 = Debug|arm64
		{DA51FCD4-326F-49AF-A073-7ABE94F3EB79}.Debug|x86.ActiveCfg = Debug|x86
		{DA51FCD4-326F-49AF-A073-7ABE94F3EB79}.Debug|x86.Build.0 = Debug|x86
		{DA51FCD4-326F-49AF-A073-7ABE94F3EB79}.DebugCublas|Any CPU.ActiveCfg = Debug|Any CPU
		{DA51FCD4-326F-49AF-A073-7ABE94F3EB79}.DebugCublas|Any CPU.Build.0 = Debug|Any CPU
		{DA51FCD4-326F-49AF-A073-7ABE94F3EB79}.DebugCublas|arm64.ActiveCfg = Debug|arm64
		{DA51FCD4-326F-49AF-A073-7ABE94F3EB79}.DebugCublas|arm64.Build.0 = Debug|arm64
		{DA51FCD4-326F-49AF-A073-7ABE94F3EB79}.DebugCublas|x86.ActiveCfg = Debug|x86
		{DA51FCD4-326F-49AF-A073-7ABE94F3EB79}.DebugCublas|x86.Build.0 = Debug|x86
		{DA51FCD4-326F-49AF-A073-7ABE94F3EB79}.Release|Any CPU.ActiveCfg = Release|Any CPU
		{DA51FCD4-326F-49AF-A073-7ABE94F3EB79}.Release|Any CPU.Build.0 = Release|Any CPU
		{DA51FCD4-326F-49AF-A073-7ABE94F3EB79}.Release|arm64.ActiveCfg = Release|arm64
		{DA51FCD4-326F-49AF-A073-7ABE94F3EB79}.Release|arm64.Build.0 = Release|arm64
		{DA51FCD4-326F-49AF-A073-7ABE94F3EB79}.Release|x86.ActiveCfg = Release|x86
		{DA51FCD4-326F-49AF-A073-7ABE94F3EB79}.Release|x86.Build.0 = Release|x86
		{EDBB3825-66B7-4F2B-9968-E83A213E59C6}.CleanCublas|Any CPU.ActiveCfg = Debug|Any CPU
		{EDBB3825-66B7-4F2B-9968-E83A213E59C6}.CleanCublas|Any CPU.Build.0 = Debug|Any CPU
		{EDBB3825-66B7-4F2B-9968-E83A213E59C6}.CleanCublas|arm64.ActiveCfg = Debug|Any CPU
		{EDBB3825-66B7-4F2B-9968-E83A213E59C6}.CleanCublas|arm64.Build.0 = Debug|Any CPU
		{EDBB3825-66B7-4F2B-9968-E83A213E59C6}.CleanCublas|x86.ActiveCfg = Debug|Any CPU
		{EDBB3825-66B7-4F2B-9968-E83A213E59C6}.CleanCublas|x86.Build.0 = Debug|Any CPU
		{EDBB3825-66B7-4F2B-9968-E83A213E59C6}.Debug|Any CPU.ActiveCfg = Debug|Any CPU
		{EDBB3825-66B7-4F2B-9968-E83A213E59C6}.Debug|Any CPU.Build.0 = Debug|Any CPU
		{EDBB3825-66B7-4F2B-9968-E83A213E59C6}.Debug|arm64.ActiveCfg = Debug|Any CPU
		{EDBB3825-66B7-4F2B-9968-E83A213E59C6}.Debug|arm64.Build.0 = Debug|Any CPU
		{EDBB3825-66B7-4F2B-9968-E83A213E59C6}.Debug|x86.ActiveCfg = Debug|Any CPU
		{EDBB3825-66B7-4F2B-9968-E83A213E59C6}.Debug|x86.Build.0 = Debug|Any CPU
		{EDBB3825-66B7-4F2B-9968-E83A213E59C6}.DebugCublas|Any CPU.ActiveCfg = Debug|Any CPU
		{EDBB3825-66B7-4F2B-9968-E83A213E59C6}.DebugCublas|Any CPU.Build.0 = Debug|Any CPU
		{EDBB3825-66B7-4F2B-9968-E83A213E59C6}.DebugCublas|arm64.ActiveCfg = Debug|Any CPU
		{EDBB3825-66B7-4F2B-9968-E83A213E59C6}.DebugCublas|arm64.Build.0 = Debug|Any CPU
		{EDBB3825-66B7-4F2B-9968-E83A213E59C6}.DebugCublas|x86.ActiveCfg = Debug|Any CPU
		{EDBB3825-66B7-4F2B-9968-E83A213E59C6}.DebugCublas|x86.Build.0 = Debug|Any CPU
		{EDBB3825-66B7-4F2B-9968-E83A213E59C6}.Release|Any CPU.ActiveCfg = Release|Any CPU
		{EDBB3825-66B7-4F2B-9968-E83A213E59C6}.Release|Any CPU.Build.0 = Release|Any CPU
		{EDBB3825-66B7-4F2B-9968-E83A213E59C6}.Release|arm64.ActiveCfg = Release|Any CPU
		{EDBB3825-66B7-4F2B-9968-E83A213E59C6}.Release|arm64.Build.0 = Release|Any CPU
		{EDBB3825-66B7-4F2B-9968-E83A213E59C6}.Release|x86.ActiveCfg = Release|Any CPU
		{EDBB3825-66B7-4F2B-9968-E83A213E59C6}.Release|x86.Build.0 = Release|Any CPU
		{2818E6FE-3BC4-4F59-ACFD-5740550AAF4F}.CleanCublas|Any CPU.ActiveCfg = Debug|Any CPU
		{2818E6FE-3BC4-4F59-ACFD-5740550AAF4F}.CleanCublas|Any CPU.Build.0 = Debug|Any CPU
		{2818E6FE-3BC4-4F59-ACFD-5740550AAF4F}.CleanCublas|arm64.ActiveCfg = Debug|Any CPU
		{2818E6FE-3BC4-4F59-ACFD-5740550AAF4F}.CleanCublas|arm64.Build.0 = Debug|Any CPU
		{2818E6FE-3BC4-4F59-ACFD-5740550AAF4F}.CleanCublas|x86.ActiveCfg = Debug|Any CPU
		{2818E6FE-3BC4-4F59-ACFD-5740550AAF4F}.CleanCublas|x86.Build.0 = Debug|Any CPU
		{2818E6FE-3BC4-4F59-ACFD-5740550AAF4F}.Debug|Any CPU.ActiveCfg = Debug|Any CPU
		{2818E6FE-3BC4-4F59-ACFD-5740550AAF4F}.Debug|Any CPU.Build.0 = Debug|Any CPU
		{2818E6FE-3BC4-4F59-ACFD-5740550AAF4F}.Debug|arm64.ActiveCfg = Debug|Any CPU
		{2818E6FE-3BC4-4F59-ACFD-5740550AAF4F}.Debug|arm64.Build.0 = Debug|Any CPU
		{2818E6FE-3BC4-4F59-ACFD-5740550AAF4F}.Debug|x86.ActiveCfg = Debug|Any CPU
		{2818E6FE-3BC4-4F59-ACFD-5740550AAF4F}.Debug|x86.Build.0 = Debug|Any CPU
		{2818E6FE-3BC4-4F59-ACFD-5740550AAF4F}.DebugCublas|Any CPU.ActiveCfg = Debug|Any CPU
		{2818E6FE-3BC4-4F59-ACFD-5740550AAF4F}.DebugCublas|Any CPU.Build.0 = Debug|Any CPU
		{2818E6FE-3BC4-4F59-ACFD-5740550AAF4F}.DebugCublas|arm64.ActiveCfg = Debug|Any CPU
		{2818E6FE-3BC4-4F59-ACFD-5740550AAF4F}.DebugCublas|arm64.Build.0 = Debug|Any CPU
		{2818E6FE-3BC4-4F59-ACFD-5740550AAF4F}.DebugCublas|x86.ActiveCfg = Debug|Any CPU
		{2818E6FE-3BC4-4F59-ACFD-5740550AAF4F}.DebugCublas|x86.Build.0 = Debug|Any CPU
		{2818E6FE-3BC4-4F59-ACFD-5740550AAF4F}.Release|Any CPU.ActiveCfg = Release|Any CPU
		{2818E6FE-3BC4-4F59-ACFD-5740550AAF4F}.Release|Any CPU.Build.0 = Release|Any CPU
		{2818E6FE-3BC4-4F59-ACFD-5740550AAF4F}.Release|arm64.ActiveCfg = Release|Any CPU
		{2818E6FE-3BC4-4F59-ACFD-5740550AAF4F}.Release|arm64.Build.0 = Release|Any CPU
		{2818E6FE-3BC4-4F59-ACFD-5740550AAF4F}.Release|x86.ActiveCfg = Release|Any CPU
		{2818E6FE-3BC4-4F59-ACFD-5740550AAF4F}.Release|x86.Build.0 = Release|Any CPU
		{4CD9499F-4B95-49CC-87AD-5AC7504602C0}.CleanCublas|Any CPU.ActiveCfg = Debug|Any CPU
		{4CD9499F-4B95-49CC-87AD-5AC7504602C0}.CleanCublas|Any CPU.Build.0 = Debug|Any CPU
		{4CD9499F-4B95-49CC-87AD-5AC7504602C0}.CleanCublas|arm64.ActiveCfg = Debug|Any CPU
		{4CD9499F-4B95-49CC-87AD-5AC7504602C0}.CleanCublas|arm64.Build.0 = Debug|Any CPU
		{4CD9499F-4B95-49CC-87AD-5AC7504602C0}.CleanCublas|x86.ActiveCfg = Debug|Any CPU
		{4CD9499F-4B95-49CC-87AD-5AC7504602C0}.CleanCublas|x86.Build.0 = Debug|Any CPU
		{4CD9499F-4B95-49CC-87AD-5AC7504602C0}.Debug|Any CPU.ActiveCfg = Debug|Any CPU
		{4CD9499F-4B95-49CC-87AD-5AC7504602C0}.Debug|Any CPU.Build.0 = Debug|Any CPU
		{4CD9499F-4B95-49CC-87AD-5AC7504602C0}.Debug|arm64.ActiveCfg = Debug|Any CPU
		{4CD9499F-4B95-49CC-87AD-5AC7504602C0}.Debug|arm64.Build.0 = Debug|Any CPU
		{4CD9499F-4B95-49CC-87AD-5AC7504602C0}.Debug|x86.ActiveCfg = Debug|Any CPU
		{4CD9499F-4B95-49CC-87AD-5AC7504602C0}.Debug|x86.Build.0 = Debug|Any CPU
		{4CD9499F-4B95-49CC-87AD-5AC7504602C0}.DebugCublas|Any CPU.ActiveCfg = Debug|Any CPU
		{4CD9499F-4B95-49CC-87AD-5AC7504602C0}.DebugCublas|Any CPU.Build.0 = Debug|Any CPU
		{4CD9499F-4B95-49CC-87AD-5AC7504602C0}.DebugCublas|arm64.ActiveCfg = Debug|Any CPU
		{4CD9499F-4B95-49CC-87AD-5AC7504602C0}.DebugCublas|arm64.Build.0 = Debug|Any CPU
		{4CD9499F-4B95-49CC-87AD-5AC7504602C0}.DebugCublas|x86.ActiveCfg = Debug|Any CPU
		{4CD9499F-4B95-49CC-87AD-5AC7504602C0}.DebugCublas|x86.Build.0 = Debug|Any CPU
		{4CD9499F-4B95-49CC-87AD-5AC7504602C0}.Release|Any CPU.ActiveCfg = Release|Any CPU
		{4CD9499F-4B95-49CC-87AD-5AC7504602C0}.Release|Any CPU.Build.0 = Release|Any CPU
		{4CD9499F-4B95-49CC-87AD-5AC7504602C0}.Release|arm64.ActiveCfg = Release|Any CPU
		{4CD9499F-4B95-49CC-87AD-5AC7504602C0}.Release|arm64.Build.0 = Release|Any CPU
		{4CD9499F-4B95-49CC-87AD-5AC7504602C0}.Release|x86.ActiveCfg = Release|Any CPU
		{4CD9499F-4B95-49CC-87AD-5AC7504602C0}.Release|x86.Build.0 = Release|Any CPU
		{E8C1EC9F-C7AB-4114-9787-30D15D4458D1}.CleanCublas|Any CPU.ActiveCfg = Debug|Any CPU
		{E8C1EC9F-C7AB-4114-9787-30D15D4458D1}.CleanCublas|Any CPU.Build.0 = Debug|Any CPU
		{E8C1EC9F-C7AB-4114-9787-30D15D4458D1}.CleanCublas|arm64.ActiveCfg = Debug|Any CPU
		{E8C1EC9F-C7AB-4114-9787-30D15D4458D1}.CleanCublas|arm64.Build.0 = Debug|Any CPU
		{E8C1EC9F-C7AB-4114-9787-30D15D4458D1}.CleanCublas|x86.ActiveCfg = Debug|Any CPU
		{E8C1EC9F-C7AB-4114-9787-30D15D4458D1}.CleanCublas|x86.Build.0 = Debug|Any CPU
		{E8C1EC9F-C7AB-4114-9787-30D15D4458D1}.Debug|Any CPU.ActiveCfg = Debug|Any CPU
		{E8C1EC9F-C7AB-4114-9787-30D15D4458D1}.Debug|Any CPU.Build.0 = Debug|Any CPU
		{E8C1EC9F-C7AB-4114-9787-30D15D4458D1}.Debug|arm64.ActiveCfg = Debug|Any CPU
		{E8C1EC9F-C7AB-4114-9787-30D15D4458D1}.Debug|arm64.Build.0 = Debug|Any CPU
		{E8C1EC9F-C7AB-4114-9787-30D15D4458D1}.Debug|x86.ActiveCfg = Debug|Any CPU
		{E8C1EC9F-C7AB-4114-9787-30D15D4458D1}.Debug|x86.Build.0 = Debug|Any CPU
		{E8C1EC9F-C7AB-4114-9787-30D15D4458D1}.DebugCublas|Any CPU.ActiveCfg = Debug|Any CPU
		{E8C1EC9F-C7AB-4114-9787-30D15D4458D1}.DebugCublas|Any CPU.Build.0 = Debug|Any CPU
		{E8C1EC9F-C7AB-4114-9787-30D15D4458D1}.DebugCublas|arm64.ActiveCfg = Debug|Any CPU
		{E8C1EC9F-C7AB-4114-9787-30D15D4458D1}.DebugCublas|arm64.Build.0 = Debug|Any CPU
		{E8C1EC9F-C7AB-4114-9787-30D15D4458D1}.DebugCublas|x86.ActiveCfg = Debug|Any CPU
		{E8C1EC9F-C7AB-4114-9787-30D15D4458D1}.DebugCublas|x86.Build.0 = Debug|Any CPU
		{E8C1EC9F-C7AB-4114-9787-30D15D4458D1}.Release|Any CPU.ActiveCfg = Release|Any CPU
		{E8C1EC9F-C7AB-4114-9787-30D15D4458D1}.Release|Any CPU.Build.0 = Release|Any CPU
		{E8C1EC9F-C7AB-4114-9787-30D15D4458D1}.Release|arm64.ActiveCfg = Release|Any CPU
		{E8C1EC9F-C7AB-4114-9787-30D15D4458D1}.Release|arm64.Build.0 = Release|Any CPU
		{E8C1EC9F-C7AB-4114-9787-30D15D4458D1}.Release|x86.ActiveCfg = Release|Any CPU
		{E8C1EC9F-C7AB-4114-9787-30D15D4458D1}.Release|x86.Build.0 = Release|Any CPU
	EndGlobalSection
	GlobalSection(SolutionProperties) = preSolution
		HideSolutionNode = FALSE
	EndGlobalSection
	GlobalSection(ExtensibilityGlobals) = postSolution
		SolutionGuid = {43AD4DB9-CFB2-4BFE-8E9F-9827D36400BE}
	EndGlobalSection
EndGlobal
