lockfileVersion: '9.0'

settings:
  autoInstallPeers: true
  excludeLinksFromLockfile: false

importers:

  .:
    devDependencies:
      autoprefixer:
        specifier: ^10.4.20
        version: 10.4.20(postcss@8.5.2)
      postcss:
        specifier: ^8.5.2
        version: 8.5.2
      tailwindcss:
        specifier: ^4.0.7
        version: 4.0.7

packages:

  autoprefixer@10.4.20:
    resolution: {integrity: sha512-XY25y5xSv/wEoqzDyXXME4AFfkZI0P23z6Fs3YgymDnKJkCGOnkL0iTxCa85UTqaSgfcqyf3UA6+c7wUvx/16g==}
    engines: {node: ^10 || ^12 || >=14}
    hasBin: true
    peerDependencies:
      postcss: ^8.1.0

  browserslist@4.24.4:
    resolution: {integrity: sha512-KDi1Ny1gSePi1vm0q4oxSF8b4DR44GF4BbmS2YdhPLOEqd8pDviZOGH/GsmRwoWJ2+5Lr085X7naowMwKHDG1A==}
    engines: {node: ^6 || ^7 || ^8 || ^9 || ^10 || ^11 || ^12 || >=13.7}
    hasBin: true

  caniuse-lite@1.0.30001700:
    resolution: {integrity: sha512-2S6XIXwaE7K7erT8dY+kLQcpa5ms63XlRkMkReXjle+kf6c5g38vyMl+Z5y8dSxOFDhcFe+nxnn261PLxBSQsQ==}

  electron-to-chromium@1.5.102:
    resolution: {integrity: sha512-eHhqaja8tE/FNpIiBrvBjFV/SSKpyWHLvxuR9dPTdo+3V9ppdLmFB7ZZQ98qNovcngPLYIz0oOBF9P0FfZef5Q==}

  escalade@3.2.0:
    resolution: {integrity: sha512-WUj2qlxaQtO4g6Pq5c29GTcWGDyd8itL8zTlipgECz3JesAiiOKotd8JU6otB3PACgG6xkJUyVhboMS+bje/jA==}
    engines: {node: '>=6'}

  fraction.js@4.3.7:
    resolution: {integrity: sha512-ZsDfxO51wGAXREY55a7la9LScWpwv9RxIrYABrlvOFBlH/ShPnrtsXeuUIfXKKOVicNxQ+o8JTbJvjS4M89yew==}

  nanoid@3.3.8:
    resolution: {integrity: sha512-WNLf5Sd8oZxOm+TzppcYk8gVOgP+l58xNy58D0nbUnOxOWRWvlcCV4kUF7ltmI6PsrLl/BgKEyS4mqsGChFN0w==}
    engines: {node: ^10 || ^12 || ^13.7 || ^14 || >=15.0.1}
    hasBin: true

  node-releases@2.0.19:
    resolution: {integrity: sha512-xxOWJsBKtzAq7DY0J+DTzuz58K8e7sJbdgwkbMWQe8UYB6ekmsQ45q0M/tJDsGaZmbC+l7n57UV8Hl5tHxO9uw==}

  normalize-range@0.1.2:
    resolution: {integrity: sha512-bdok/XvKII3nUpklnV6P2hxtMNrCboOjAcyBuQnWEhO665FwrSNRxU+AqpsyvO6LgGYPspN+lu5CLtw4jPRKNA==}
    engines: {node: '>=0.10.0'}

  picocolors@1.1.1:
    resolution: {integrity: sha512-xceH2snhtb5M9liqDsmEw56le376mTZkEX/jEb/RxNFyegNul7eNslCXP9FDj/Lcu0X8KEyMceP2ntpaHrDEVA==}

  postcss-value-parser@4.2.0:
    resolution: {integrity: sha512-1NNCs6uurfkVbeXG4S8JFT9t19m45ICnif8zWLd5oPSZ50QnwMfK+H3jv408d4jw/7Bttv5axS5IiHoLaVNHeQ==}

  postcss@8.5.2:
    resolution: {integrity: sha512-MjOadfU3Ys9KYoX0AdkBlFEF1Vx37uCCeN4ZHnmwm9FfpbsGWMZeBLMmmpY+6Ocqod7mkdZ0DT31OlbsFrLlkA==}
    engines: {node: ^10 || ^12 || >=14}

  source-map-js@1.2.1:
    resolution: {integrity: sha512-UXWMKhLOwVKb728IUtQPXxfYU+usdybtUrK/8uGE8CQMvrhOpwvzDBwj0QhSL7MQc7vIsISBG8VQ8+IDQxpfQA==}
    engines: {node: '>=0.10.0'}

  tailwindcss@4.0.7:
    resolution: {integrity: sha512-yH5bPPyapavo7L+547h3c4jcBXcrKwybQRjwdEIVAd9iXRvy/3T1CC6XSQEgZtRySjKfqvo3Cc0ZF1DTheuIdA==}

  update-browserslist-db@1.1.2:
    resolution: {integrity: sha512-PPypAm5qvlD7XMZC3BujecnaOxwhrtoFR+Dqkk5Aa/6DssiH0ibKoketaj9w8LP7Bont1rYeoV5plxD7RTEPRg==}
    hasBin: true
    peerDependencies:
      browserslist: '>= 4.21.0'

snapshots:

  autoprefixer@10.4.20(postcss@8.5.2):
    dependencies:
      browserslist: 4.24.4
      caniuse-lite: 1.0.30001700
      fraction.js: 4.3.7
      normalize-range: 0.1.2
      picocolors: 1.1.1
      postcss: 8.5.2
      postcss-value-parser: 4.2.0

  browserslist@4.24.4:
    dependencies:
      caniuse-lite: 1.0.30001700
      electron-to-chromium: 1.5.102
      node-releases: 2.0.19
      update-browserslist-db: 1.1.2(browserslist@4.24.4)

  caniuse-lite@1.0.30001700: {}

  electron-to-chromium@1.5.102: {}

  escalade@3.2.0: {}

  fraction.js@4.3.7: {}

  nanoid@3.3.8: {}

  node-releases@2.0.19: {}

  normalize-range@0.1.2: {}

  picocolors@1.1.1: {}

  postcss-value-parser@4.2.0: {}

  postcss@8.5.2:
    dependencies:
      nanoid: 3.3.8
      picocolors: 1.1.1
      source-map-js: 1.2.1

  source-map-js@1.2.1: {}

  tailwindcss@4.0.7: {}

  update-browserslist-db@1.1.2(browserslist@4.24.4):
    dependencies:
      browserslist: 4.24.4
      escalade: 3.2.0
      picocolors: 1.1.1
